
Microsoft Visual Studio Solution File, Format Version 12.00
# Visual Studio Version 16
VisualStudioVersion = 16.0.31112.23
MinimumVisualStudioVersion = 10.0.40219.1
Project("{FAE04EC0-301F-11D3-BF4B-00C04F79EFBC}") = "Lesson8", "Lesson8.csproj", "{99DF7D38-F616-4556-A046-22DEA290B583}"
EndProject
Global
	GlobalSection(SolutionConfigurationPlatforms) = preSolution
		Debug|Any CPU = Debug|Any CPU
		Release|Any CPU = Release|Any CPU
	EndGlobalSection
	GlobalSection(ProjectConfigurationPlatforms) = postSolution
		{99DF7D38-F616-4556-A046-22DEA290B583}.Debug|Any CPU.ActiveCfg = Debug|Any CPU
		{99DF7D38-F616-4556-A046-22DEA290B583}.Debug|Any CPU.Build.0 = Debug|Any CPU
		{99DF7D38-F616-4556-A046-22DEA290B583}.Release|Any CPU.ActiveCfg = Release|Any CPU
		{99DF7D38-F616-4556-A046-22DEA290B583}.Release|Any CPU.Build.0 = Release|Any CPU
	EndGlobalSection
	GlobalSection(SolutionProperties) = preSolution
		HideSolutionNode = FALSE
	EndGlobalSection
	GlobalSection(ExtensibilityGlobals) = postSolution
		SolutionGuid = {9514323A-6262-40B6-9D40-69A82AFF6709}
	EndGlobalSection
EndGlobal
