
Microsoft Visual Studio Solution File, Format Version 12.00
# Visual Studio Version 16
VisualStudioVersion = 16.0.31025.194
MinimumVisualStudioVersion = 10.0.40219.1
Project("{FAE04EC0-301F-11D3-BF4B-00C04F79EFBC}") = "Lesson7", "Lesson7.csproj", "{E863B0CA-FFCD-467A-A336-1D2C64D81134}"
EndProject
Global
	GlobalSection(SolutionConfigurationPlatforms) = preSolution
		Debug|Any CPU = Debug|Any CPU
		Release|Any CPU = Release|Any CPU
	EndGlobalSection
	GlobalSection(ProjectConfigurationPlatforms) = postSolution
		{E863B0CA-FFCD-467A-A336-1D2C64D81134}.Debug|Any CPU.ActiveCfg = Debug|Any CPU
		{E863B0CA-FFCD-467A-A336-1D2C64D81134}.Debug|Any CPU.Build.0 = Debug|Any CPU
		{E863B0CA-FFCD-467A-A336-1D2C64D81134}.Release|Any CPU.ActiveCfg = Release|Any CPU
		{E863B0CA-FFCD-467A-A336-1D2C64D81134}.Release|Any CPU.Build.0 = Release|Any CPU
	EndGlobalSection
	GlobalSection(SolutionProperties) = preSolution
		HideSolutionNode = FALSE
	EndGlobalSection
	GlobalSection(ExtensibilityGlobals) = postSolution
		SolutionGuid = {1C4C432B-E97C-45ED-B61B-60503B2A49BF}
	EndGlobalSection
EndGlobal
